// !$*UTF8*$!
{
	archiveVersion = 1;
	classes = {
	};
	objectVersion = 77;
	objects = {

/* Begin PBXBuildFile section */
		3C6CB5042D5E768900EF9BEE /* Kingfisher in Frameworks */ = {isa = PBXBuildFile; productRef = 3C6CB5032D5E768900EF9BEE /* Kingfisher */; };
/* End PBXBuildFile section */

/* Begin PBXContainerItemProxy section */
		3C4D50712D5E703E00D20FCD /* PBXContainerItemProxy */ = {
			isa = PBXContainerItemProxy;
			containerPortal = 3C4D504F2D5E703B00D20FCD /* Project object */;
			proxyType = 1;
			remoteGlobalIDString = 3C4D50562D5E703B00D20FCD;
			remoteInfo = idealistaiOS_Challenge;
		};
		3C4D507B2D5E703E00D20FCD /* PBXContainerItemProxy */ = {
			isa = PBXContainerItemProxy;
			containerPortal = 3C4D504F2D5E703B00D20FCD /* Project object */;
			proxyType = 1;
			remoteGlobalIDString = 3C4D50562D5E703B00D20FCD;
			remoteInfo = idealistaiOS_Challenge;
		};
/* End PBXContainerItemProxy section */

/* Begin PBXFileReference section */
		3C4D50572D5E703B00D20FCD /* idealistaiOS_Challenge.app */ = {isa = PBXFileReference; explicitFileType = wrapper.application; includeInIndex = 0; path = idealistaiOS_Challenge.app; sourceTree = BUILT_PRODUCTS_DIR; };
		3C4D50702D5E703E00D20FCD /* idealistaiOS_ChallengeTests.xctest */ = {isa = PBXFileReference; explicitFileType = wrapper.cfbundle; includeInIndex = 0; path = idealistaiOS_ChallengeTests.xctest; sourceTree = BUILT_PRODUCTS_DIR; };
		3C4D507A2D5E703E00D20FCD /* idealistaiOS_ChallengeUITests.xctest */ = {isa = PBXFileReference; explicitFileType = wrapper.cfbundle; includeInIndex = 0; path = idealistaiOS_ChallengeUITests.xctest; sourceTree = BUILT_PRODUCTS_DIR; };
/* End PBXFileReference section */

/* Begin PBXFileSystemSynchronizedBuildFileExceptionSet section */
		3C4D50822D5E703E00D20FCD /* Exceptions for "idealistaiOS_Challenge" folder in "idealistaiOS_Challenge" target */ = {
			isa = PBXFileSystemSynchronizedBuildFileExceptionSet;
			membershipExceptions = (
				Info.plist,
			);
			target = 3C4D50562D5E703B00D20FCD /* idealistaiOS_Challenge */;
		};
/* End PBXFileSystemSynchronizedBuildFileExceptionSet section */

/* Begin PBXFileSystemSynchronizedRootGroup section */
		3C4D50592D5E703B00D20FCD /* idealistaiOS_Challenge */ = {
			isa = PBXFileSystemSynchronizedRootGroup;
			exceptions = (
				3C4D50822D5E703E00D20FCD /* Exceptions for "idealistaiOS_Challenge" folder in "idealistaiOS_Challenge" target */,
			);
			path = idealistaiOS_Challenge;
			sourceTree = "<group>";
		};
		3C4D50732D5E703E00D20FCD /* idealistaiOS_ChallengeTests */ = {
			isa = PBXFileSystemSynchronizedRootGroup;
			path = idealistaiOS_ChallengeTests;
			sourceTree = "<group>";
		};
		3C4D507D2D5E703E00D20FCD /* idealistaiOS_ChallengeUITests */ = {
			isa = PBXFileSystemSynchronizedRootGroup;
			path = idealistaiOS_ChallengeUITests;
			sourceTree = "<group>";
		};
/* End PBXFileSystemSynchronizedRootGroup section */

/* Begin PBXFrameworksBuildPhase section */
		3C4D50542D5E703B00D20FCD /* Frameworks */ = {
			isa = PBXFrameworksBuildPhase;
			buildActionMask = 2147483647;
			files = (
				3C6CB5042D5E768900EF9BEE /* Kingfisher in Frameworks */,
			);
			runOnlyForDeploymentPostprocessing = 0;
		};
		3C4D506D2D5E703E00D20FCD /* Frameworks */ = {
			isa = PBXFrameworksBuildPhase;
			buildActionMask = 2147483647;
			files = (
			);
			runOnlyForDeploymentPostprocessing = 0;
		};
		3C4D50772D5E703E00D20FCD /* Frameworks */ = {
			isa = PBXFrameworksBuildPhase;
			buildActionMask = 2147483647;
			files = (
			);
			runOnlyForDeploymentPostprocessing = 0;
		};
/* End PBXFrameworksBuildPhase section */

/* Begin PBXGroup section */
		3C4D504E2D5E703B00D20FCD = {
			isa = PBXGroup;
			children = (
				3C4D50592D5E703B00D20FCD /* idealistaiOS_Challenge */,
				3C4D50732D5E703E00D20FCD /* idealistaiOS_ChallengeTests */,
				3C4D507D2D5E703E00D20FCD /* idealistaiOS_ChallengeUITests */,
				3C6CB5022D5E767E00EF9BEE /* Frameworks */,
				3C4D50582D5E703B00D20FCD /* Products */,
			);
			sourceTree = "<group>";
		};
		3C4D50582D5E703B00D20FCD /* Products */ = {
			isa = PBXGroup;
			children = (
				3C4D50572D5E703B00D20FCD /* idealistaiOS_Challenge.app */,
				3C4D50702D5E703E00D20FCD /* idealistaiOS_ChallengeTests.xctest */,
				3C4D507A2D5E703E00D20FCD /* idealistaiOS_ChallengeUITests.xctest */,
			);
			name = Products;
			sourceTree = "<group>";
		};
		3C6CB5022D5E767E00EF9BEE /* Frameworks */ = {
			isa = PBXGroup;
			children = (
			);
			name = Frameworks;
			sourceTree = "<group>";
		};
/* End PBXGroup section */

/* Begin PBXNativeTarget section */
		3C4D50562D5E703B00D20FCD /* idealistaiOS_Challenge */ = {
			isa = PBXNativeTarget;
			buildConfigurationList = 3C4D50832D5E703E00D20FCD /* Build configuration list for PBXNativeTarget "idealistaiOS_Challenge" */;
			buildPhases = (
				3C4D50532D5E703B00D20FCD /* Sources */,
				3C4D50542D5E703B00D20FCD /* Frameworks */,
				3C4D50552D5E703B00D20FCD /* Resources */,
			);
			buildRules = (
			);
			dependencies = (
			);
			fileSystemSynchronizedGroups = (
				3C4D50592D5E703B00D20FCD /* idealistaiOS_Challenge */,
			);
			name = idealistaiOS_Challenge;
			packageProductDependencies = (
				3C6CB5032D5E768900EF9BEE /* Kingfisher */,
			);
			productName = idealistaiOS_Challenge;
			productReference = 3C4D50572D5E703B00D20FCD /* idealistaiOS_Challenge.app */;
			productType = "com.apple.product-type.application";
		};
		3C4D506F2D5E703E00D20FCD /* idealistaiOS_ChallengeTests */ = {
			isa = PBXNativeTarget;
			buildConfigurationList = 3C4D50882D5E703E00D20FCD /* Build configuration list for PBXNativeTarget "idealistaiOS_ChallengeTests" */;
			buildPhases = (
				3C4D506C2D5E703E00D20FCD /* Sources */,
				3C4D506D2D5E703E00D20FCD /* Frameworks */,
				3C4D506E2D5E703E00D20FCD /* Resources */,
			);
			buildRules = (
			);
			dependencies = (
				3C4D50722D5E703E00D20FCD /* PBXTargetDependency */,
			);
			fileSystemSynchronizedGroups = (
				3C4D50732D5E703E00D20FCD /* idealistaiOS_ChallengeTests */,
			);
			name = idealistaiOS_ChallengeTests;
			packageProductDependencies = (
			);
			productName = idealistaiOS_ChallengeTests;
			productReference = 3C4D50702D5E703E00D20FCD /* idealistaiOS_ChallengeTests.xctest */;
			productType = "com.apple.product-type.bundle.unit-test";
		};
		3C4D50792D5E703E00D20FCD /* idealistaiOS_ChallengeUITests */ = {
			isa = PBXNativeTarget;
			buildConfigurationList = 3C4D508B2D5E703E00D20FCD /* Build configuration list for PBXNativeTarget "idealistaiOS_ChallengeUITests" */;
			buildPhases = (
				3C4D50762D5E703E00D20FCD /* Sources */,
				3C4D50772D5E703E00D20FCD /* Frameworks */,
				3C4D50782D5E703E00D20FCD /* Resources */,
			);
			buildRules = (
			);
			dependencies = (
				3C4D507C2D5E703E00D20FCD /* PBXTargetDependency */,
			);
			fileSystemSynchronizedGroups = (
				3C4D507D2D5E703E00D20FCD /* idealistaiOS_ChallengeUITests */,
			);
			name = idealistaiOS_ChallengeUITests;
			packageProductDependencies = (
			);
			productName = idealistaiOS_ChallengeUITests;
			productReference = 3C4D507A2D5E703E00D20FCD /* idealistaiOS_ChallengeUITests.xctest */;
			productType = "com.apple.product-type.bundle.ui-testing";
		};
/* End PBXNativeTarget section */

/* Begin PBXProject section */
		3C4D504F2D5E703B00D20FCD /* Project object */ = {
			isa = PBXProject;
			attributes = {
				BuildIndependentTargetsInParallel = 1;
				LastSwiftUpdateCheck = 1620;
				LastUpgradeCheck = 1620;
				TargetAttributes = {
					3C4D50562D5E703B00D20FCD = {
						CreatedOnToolsVersion = 16.2;
					};
					3C4D506F2D5E703E00D20FCD = {
						CreatedOnToolsVersion = 16.2;
						TestTargetID = 3C4D50562D5E703B00D20FCD;
					};
					3C4D50792D5E703E00D20FCD = {
						CreatedOnToolsVersion = 16.2;
						TestTargetID = 3C4D50562D5E703B00D20FCD;
					};
				};
			};
			buildConfigurationList = 3C4D50522D5E703B00D20FCD /* Build configuration list for PBXProject "idealistaiOS_Challenge" */;
			developmentRegion = en;
			hasScannedForEncodings = 0;
			knownRegions = (
				en,
				Base,
			);
			mainGroup = 3C4D504E2D5E703B00D20FCD;
			minimizedProjectReferenceProxies = 1;
			packageReferences = (
				3C4D50DD2D5E735700D20FCD /* XCRemoteSwiftPackageReference "Kingfisher" */,
			);
			preferredProjectObjectVersion = 77;
			productRefGroup = 3C4D50582D5E703B00D20FCD /* Products */;
			projectDirPath = "";
			projectRoot = "";
			targets = (
				3C4D50562D5E703B00D20FCD /* idealistaiOS_Challenge */,
				3C4D506F2D5E703E00D20FCD /* idealistaiOS_ChallengeTests */,
				3C4D50792D5E703E00D20FCD /* idealistaiOS_ChallengeUITests */,
			);
		};
/* End PBXProject section */

/* Begin PBXResourcesBuildPhase section */
		3C4D50552D5E703B00D20FCD /* Resources */ = {
			isa = PBXResourcesBuildPhase;
			buildActionMask = 2147483647;
			files = (
			);
			runOnlyForDeploymentPostprocessing = 0;
		};
		3C4D506E2D5E703E00D20FCD /* Resources */ = {
			isa = PBXResourcesBuildPhase;
			buildActionMask = 2147483647;
			files = (
			);
			runOnlyForDeploymentPostprocessing = 0;
		};
		3C4D50782D5E703E00D20FCD /* Resources */ = {
			isa = PBXResourcesBuildPhase;
			buildActionMask = 2147483647;
			files = (
			);
			runOnlyForDeploymentPostprocessing = 0;
		};
/* End PBXResourcesBuildPhase section */

/* Begin PBXSourcesBuildPhase section */
		3C4D50532D5E703B00D20FCD /* Sources */ = {
			isa = PBXSourcesBuildPhase;
			buildActionMask = 2147483647;
			files = (
			);
			runOnlyForDeploymentPostprocessing = 0;
		};
		3C4D506C2D5E703E00D20FCD /* Sources */ = {
			isa = PBXSourcesBuildPhase;
			buildActionMask = 2147483647;
			files = (
			);
			runOnlyForDeploymentPostprocessing = 0;
		};
		3C4D50762D5E703E00D20FCD /* Sources */ = {
			isa = PBXSourcesBuildPhase;
			buildActionMask = 2147483647;
			files = (
			);
			runOnlyForDeploymentPostprocessing = 0;
		};
/* End PBXSourcesBuildPhase section */

/* Begin PBXTargetDependency section */
		3C4D50722D5E703E00D20FCD /* PBXTargetDependency */ = {
			isa = PBXTargetDependency;
			target = 3C4D50562D5E703B00D20FCD /* idealistaiOS_Challenge */;
			targetProxy = 3C4D50712D5E703E00D20FCD /* PBXContainerItemProxy */;
		};
		3C4D507C2D5E703E00D20FCD /* PBXTargetDependency */ = {
			isa = PBXTargetDependency;
			target = 3C4D50562D5E703B00D20FCD /* idealistaiOS_Challenge */;
			targetProxy = 3C4D507B2D5E703E00D20FCD /* PBXContainerItemProxy */;
		};
/* End PBXTargetDependency section */

/* Begin XCBuildConfiguration section */
		3C4D50842D5E703E00D20FCD /* Debug */ = {
			isa = XCBuildConfiguration;
			buildSettings = {
				ASSETCATALOG_COMPILER_APPICON_NAME = AppIcon;
				ASSETCATALOG_COMPILER_GLOBAL_ACCENT_COLOR_NAME = AccentColor;
				CODE_SIGN_STYLE = Automatic;
				CURRENT_PROJECT_VERSION = 1;
				GENERATE_INFOPLIST_FILE = YES;
				INFOPLIST_FILE = idealistaiOS_Challenge/Info.plist;
				INFOPLIST_KEY_UIApplicationSupportsIndirectInputEvents = YES;
				INFOPLIST_KEY_UILaunchStoryboardName = LaunchScreen;
				INFOPLIST_KEY_UISupportedInterfaceOrientations_iPad = "UIInterfaceOrientationPortrait UIInterfaceOrientationPortraitUpsideDown UIInterfaceOrientationLandscapeLeft UIInterfaceOrientationLandscapeRight";
				INFOPLIST_KEY_UISupportedInterfaceOrientations_iPhone = "UIInterfaceOrientationPortrait UIInterfaceOrientationLandscapeLeft UIInterfaceOrientationLandscapeRight";
				IPHONEOS_DEPLOYMENT_TARGET = 15.6;
				LD_RUNPATH_SEARCH_PATHS = (
					"$(inherited)",
					"@executable_path/Frameworks",
				);
				MARKETING_VERSION = 1.0;
				PRODUCT_BUNDLE_IDENTIFIER = "com.ManuelCazalla.idealistaiOS-Challenge";
				PRODUCT_NAME = "$(TARGET_NAME)";
				SWIFT_EMIT_LOC_STRINGS = YES;
				SWIFT_VERSION = 5.0;
				TARGETED_DEVICE_FAMILY = "1,2";
			};
			name = Debug;
		};
		3C4D50852D5E703E00D20FCD /* Release */ = {
			isa = XCBuildConfiguration;
			buildSettings = {
				ASSETCATALOG_COMPILER_APPICON_NAME = AppIcon;
				ASSETCATALOG_COMPILER_GLOBAL_ACCENT_COLOR_NAME = AccentColor;
				CODE_SIGN_STYLE = Automatic;
				CURRENT_PROJECT_VERSION = 1;
				GENERATE_INFOPLIST_FILE = YES;
				INFOPLIST_FILE = idealistaiOS_Challenge/Info.plist;
				INFOPLIST_KEY_UIApplicationSupportsIndirectInputEvents = YES;
				INFOPLIST_KEY_UILaunchStoryboardName = LaunchScreen;
				INFOPLIST_KEY_UISupportedInterfaceOrientations_iPad = "UIInterfaceOrientationPortrait UIInterfaceOrientationPortraitUpsideDown UIInterfaceOrientationLandscapeLeft UIInterfaceOrientationLandscapeRight";
				INFOPLIST_KEY_UISupportedInterfaceOrientations_iPhone = "UIInterfaceOrientationPortrait UIInterfaceOrientationLandscapeLeft UIInterfaceOrientationLandscapeRight";
				IPHONEOS_DEPLOYMENT_TARGET = 15.6;
				LD_RUNPATH_SEARCH_PATHS = (
					"$(inherited)",
					"@executable_path/Frameworks",
				);
				MARKETING_VERSION = 1.0;
				PRODUCT_BUNDLE_IDENTIFIER = "com.ManuelCazalla.idealistaiOS-Challenge";
				PRODUCT_NAME = "$(TARGET_NAME)";
				SWIFT_EMIT_LOC_STRINGS = YES;
				SWIFT_VERSION = 5.0;
				TARGETED_DEVICE_FAMILY = "1,2";
			};
			name = Release;
		};
		3C4D50862D5E703E00D20FCD /* Debug */ = {
			isa = XCBuildConfiguration;
			buildSettings = {
				ALWAYS_SEARCH_USER_PATHS = NO;
				ASSETCATALOG_COMPILER_GENERATE_SWIFT_ASSET_SYMBOL_EXTENSIONS = YES;
				CLANG_ANALYZER_NONNULL = YES;
				CLANG_ANALYZER_NUMBER_OBJECT_CONVERSION = YES_AGGRESSIVE;
				CLANG_CXX_LANGUAGE_STANDARD = "gnu++20";
				CLANG_ENABLE_MODULES = YES;
				CLANG_ENABLE_OBJC_ARC = YES;
				CLANG_ENABLE_OBJC_WEAK = YES;
				CLANG_WARN_BLOCK_CAPTURE_AUTORELEASING = YES;
				CLANG_WARN_BOOL_CONVERSION = YES;
				CLANG_WARN_COMMA = YES;
				CLANG_WARN_CONSTANT_CONVERSION = YES;
				CLANG_WARN_DEPRECATED_OBJC_IMPLEMENTATIONS = YES;
				CLANG_WARN_DIRECT_OBJC_ISA_USAGE = YES_ERROR;
				CLANG_WARN_DOCUMENTATION_COMMENTS = YES;
				CLANG_WARN_EMPTY_BODY = YES;
				CLANG_WARN_ENUM_CONVERSION = YES;
				CLANG_WARN_INFINITE_RECURSION = YES;
				CLANG_WARN_INT_CONVERSION = YES;
				CLANG_WARN_NON_LITERAL_NULL_CONVERSION = YES;
				CLANG_WARN_OBJC_IMPLICIT_RETAIN_SELF = YES;
				CLANG_WARN_OBJC_LITERAL_CONVERSION = YES;
				CLANG_WARN_OBJC_ROOT_CLASS = YES_ERROR;
				CLANG_WARN_QUOTED_INCLUDE_IN_FRAMEWORK_HEADER = YES;
				CLANG_WARN_RANGE_LOOP_ANALYSIS = YES;
				CLANG_WARN_STRICT_PROTOTYPES = YES;
				CLANG_WARN_SUSPICIOUS_MOVE = YES;
				CLANG_WARN_UNGUARDED_AVAILABILITY = YES_AGGRESSIVE;
				CLANG_WARN_UNREACHABLE_CODE = YES;
				CLANG_WARN__DUPLICATE_METHOD_MATCH = YES;
				COPY_PHASE_STRIP = NO;
				DEBUG_INFORMATION_FORMAT = dwarf;
				ENABLE_STRICT_OBJC_MSGSEND = YES;
				ENABLE_TESTABILITY = YES;
				ENABLE_USER_SCRIPT_SANDBOXING = YES;
				GCC_C_LANGUAGE_STANDARD = gnu17;
				GCC_DYNAMIC_NO_PIC = NO;
				GCC_NO_COMMON_BLOCKS = YES;
				GCC_OPTIMIZATION_LEVEL = 0;
				GCC_PREPROCESSOR_DEFINITIONS = (
					"DEBUG=1",
					"$(inherited)",
				);
				GCC_WARN_64_TO_32_BIT_CONVERSION = YES;
				GCC_WARN_ABOUT_RETURN_TYPE = YES_ERROR;
				GCC_WARN_UNDECLARED_SELECTOR = YES;
				GCC_WARN_UNINITIALIZED_AUTOS = YES_AGGRESSIVE;
				GCC_WARN_UNUSED_FUNCTION = YES;
				GCC_WARN_UNUSED_VARIABLE = YES;
				IPHONEOS_DEPLOYMENT_TARGET = 18.2;
				LOCALIZATION_PREFERS_STRING_CATALOGS = YES;
				MTL_ENABLE_DEBUG_INFO = INCLUDE_SOURCE;
				MTL_FAST_MATH = YES;
				ONLY_ACTIVE_ARCH = YES;
				SDKROOT = iphoneos;
				SWIFT_ACTIVE_COMPILATION_CONDITIONS = "DEBUG $(inherited)";
				SWIFT_OPTIMIZATION_LEVEL = "-Onone";
			};
			name = Debug;
		};
		3C4D50872D5E703E00D20FCD /* Release */ = {
			isa = XCBuildConfiguration;
			buildSettings = {
				ALWAYS_SEARCH_USER_PATHS = NO;
				ASSETCATALOG_COMPILER_GENERATE_SWIFT_ASSET_SYMBOL_EXTENSIONS = YES;
				CLANG_ANALYZER_NONNULL = YES;
				CLANG_ANALYZER_NUMBER_OBJECT_CONVERSION = YES_AGGRESSIVE;
				CLANG_CXX_LANGUAGE_STANDARD = "gnu++20";
				CLANG_ENABLE_MODULES = YES;
				CLANG_ENABLE_OBJC_ARC = YES;
				CLANG_ENABLE_OBJC_WEAK = YES;
				CLANG_WARN_BLOCK_CAPTURE_AUTORELEASING = YES;
				CLANG_WARN_BOOL_CONVERSION = YES;
				CLANG_WARN_COMMA = YES;
				CLANG_WARN_CONSTANT_CONVERSION = YES;
				CLANG_WARN_DEPRECATED_OBJC_IMPLEMENTATIONS = YES;
				CLANG_WARN_DIRECT_OBJC_ISA_USAGE = YES_ERROR;
				CLANG_WARN_DOCUMENTATION_COMMENTS = YES;
				CLANG_WARN_EMPTY_BODY = YES;
				CLANG_WARN_ENUM_CONVERSION = YES;
				CLANG_WARN_INFINITE_RECURSION = YES;
				CLANG_WARN_INT_CONVERSION = YES;
				CLANG_WARN_NON_LITERAL_NULL_CONVERSION = YES;
				CLANG_WARN_OBJC_IMPLICIT_RETAIN_SELF = YES;
				CLANG_WARN_OBJC_LITERAL_CONVERSION = YES;
				CLANG_WARN_OBJC_ROOT_CLASS = YES_ERROR;
				CLANG_WARN_QUOTED_INCLUDE_IN_FRAMEWORK_HEADER = YES;
				CLANG_WARN_RANGE_LOOP_ANALYSIS = YES;
				CLANG_WARN_STRICT_PROTOTYPES = YES;
				CLANG_WARN_SUSPICIOUS_MOVE = YES;
				CLANG_WARN_UNGUARDED_AVAILABILITY = YES_AGGRESSIVE;
				CLANG_WARN_UNREACHABLE_CODE = YES;
				CLANG_WARN__DUPLICATE_METHOD_MATCH = YES;
				COPY_PHASE_STRIP = NO;
				DEBUG_INFORMATION_FORMAT = "dwarf-with-dsym";
				ENABLE_NS_ASSERTIONS = NO;
				ENABLE_STRICT_OBJC_MSGSEND = YES;
				ENABLE_USER_SCRIPT_SANDBOXING = YES;
				GCC_C_LANGUAGE_STANDARD = gnu17;
				GCC_NO_COMMON_BLOCKS = YES;
				GCC_WARN_64_TO_32_BIT_CONVERSION = YES;
				GCC_WARN_ABOUT_RETURN_TYPE = YES_ERROR;
				GCC_WARN_UNDECLARED_SELECTOR = YES;
				GCC_WARN_UNINITIALIZED_AUTOS = YES_AGGRESSIVE;
				GCC_WARN_UNUSED_FUNCTION = YES;
				GCC_WARN_UNUSED_VARIABLE = YES;
				IPHONEOS_DEPLOYMENT_TARGET = 18.2;
				LOCALIZATION_PREFERS_STRING_CATALOGS = YES;
				MTL_ENABLE_DEBUG_INFO = NO;
				MTL_FAST_MATH = YES;
				SDKROOT = iphoneos;
				SWIFT_COMPILATION_MODE = wholemodule;
				VALIDATE_PRODUCT = YES;
			};
			name = Release;
		};
		3C4D50892D5E703E00D20FCD /* Debug */ = {
			isa = XCBuildConfiguration;
			buildSettings = {
				CODE_SIGN_STYLE = Automatic;
				CURRENT_PROJECT_VERSION = 1;
				GENERATE_INFOPLIST_FILE = YES;
				IPHONEOS_DEPLOYMENT_TARGET = 18.2;
				MARKETING_VERSION = 1.0;
				PRODUCT_BUNDLE_IDENTIFIER = "com.ManuelCazalla.idealistaiOS-ChallengeTests";
				PRODUCT_NAME = "$(TARGET_NAME)";
				SWIFT_EMIT_LOC_STRINGS = NO;
				SWIFT_VERSION = 5.0;
				TARGETED_DEVICE_FAMILY = "1,2";
				TEST_HOST = "$(BUILT_PRODUCTS_DIR)/idealistaiOS_Challenge.app/$(BUNDLE_EXECUTABLE_FOLDER_PATH)/idealistaiOS_Challenge";
			};
			name = Debug;
		};
		3C4D508A2D5E703E00D20FCD /* Release */ = {
			isa = XCBuildConfiguration;
			buildSettings = {
				CODE_SIGN_STYLE = Automatic;
				CURRENT_PROJECT_VERSION = 1;
				GENERATE_INFOPLIST_FILE = YES;
				IPHONEOS_DEPLOYMENT_TARGET = 18.2;
				MARKETING_VERSION = 1.0;
				PRODUCT_BUNDLE_IDENTIFIER = "com.ManuelCazalla.idealistaiOS-ChallengeTests";
				PRODUCT_NAME = "$(TARGET_NAME)";
				SWIFT_EMIT_LOC_STRINGS = NO;
				SWIFT_VERSION = 5.0;
				TARGETED_DEVICE_FAMILY = "1,2";
				TEST_HOST = "$(BUILT_PRODUCTS_DIR)/idealistaiOS_Challenge.app/$(BUNDLE_EXECUTABLE_FOLDER_PATH)/idealistaiOS_Challenge";
			};
			name = Release;
		};
		3C4D508C2D5E703E00D20FCD /* Debug */ = {
			isa = XCBuildConfiguration;
			buildSettings = {
				CODE_SIGN_STYLE = Automatic;
				CURRENT_PROJECT_VERSION = 1;
				GENERATE_INFOPLIST_FILE = YES;
				MARKETING_VERSION = 1.0;
				PRODUCT_BUNDLE_IDENTIFIER = "com.ManuelCazalla.idealistaiOS-ChallengeUITests";
				PRODUCT_NAME = "$(TARGET_NAME)";
				SWIFT_EMIT_LOC_STRINGS = NO;
				SWIFT_VERSION = 5.0;
				TARGETED_DEVICE_FAMILY = "1,2";
				TEST_TARGET_NAME = idealistaiOS_Challenge;
			};
			name = Debug;
		};
		3C4D508D2D5E703E00D20FCD /* Release */ = {
			isa = XCBuildConfiguration;
			buildSettings = {
				CODE_SIGN_STYLE = Automatic;
				CURRENT_PROJECT_VERSION = 1;
				GENERATE_INFOPLIST_FILE = YES;
				MARKETING_VERSION = 1.0;
				PRODUCT_BUNDLE_IDENTIFIER = "com.ManuelCazalla.idealistaiOS-ChallengeUITests";
				PRODUCT_NAME = "$(TARGET_NAME)";
				SWIFT_EMIT_LOC_STRINGS = NO;
				SWIFT_VERSION = 5.0;
				TARGETED_DEVICE_FAMILY = "1,2";
				TEST_TARGET_NAME = idealistaiOS_Challenge;
			};
			name = Release;
		};
/* End XCBuildConfiguration section */

/* Begin XCConfigurationList section */
		3C4D50522D5E703B00D20FCD /* Build configuration list for PBXProject "idealistaiOS_Challenge" */ = {
			isa = XCConfigurationList;
			buildConfigurations = (
				3C4D50862D5E703E00D20FCD /* Debug */,
				3C4D50872D5E703E00D20FCD /* Release */,
			);
			defaultConfigurationIsVisible = 0;
			defaultConfigurationName = Release;
		};
		3C4D50832D5E703E00D20FCD /* Build configuration list for PBXNativeTarget "idealistaiOS_Challenge" */ = {
			isa = XCConfigurationList;
			buildConfigurations = (
				3C4D50842D5E703E00D20FCD /* Debug */,
				3C4D50852D5E703E00D20FCD /* Release */,
			);
			defaultConfigurationIsVisible = 0;
			defaultConfigurationName = Release;
		};
		3C4D50882D5E703E00D20FCD /* Build configuration list for PBXNativeTarget "idealistaiOS_ChallengeTests" */ = {
			isa = XCConfigurationList;
			buildConfigurations = (
				3C4D50892D5E703E00D20FCD /* Debug */,
				3C4D508A2D5E703E00D20FCD /* Release */,
			);
			defaultConfigurationIsVisible = 0;
			defaultConfigurationName = Release;
		};
		3C4D508B2D5E703E00D20FCD /* Build configuration list for PBXNativeTarget "idealistaiOS_ChallengeUITests" */ = {
			isa = XCConfigurationList;
			buildConfigurations = (
				3C4D508C2D5E703E00D20FCD /* Debug */,
				3C4D508D2D5E703E00D20FCD /* Release */,
			);
			defaultConfigurationIsVisible = 0;
			defaultConfigurationName = Release;
		};
/* End XCConfigurationList section */

/* Begin XCRemoteSwiftPackageReference section */
		3C4D50DD2D5E735700D20FCD /* XCRemoteSwiftPackageReference "Kingfisher" */ = {
			isa = XCRemoteSwiftPackageReference;
			repositoryURL = "https://github.com/onevcat/Kingfisher";
			requirement = {
				kind = upToNextMajorVersion;
				minimumVersion = 8.2.0;
			};
		};
/* End XCRemoteSwiftPackageReference section */

/* Begin XCSwiftPackageProductDependency section */
		3C6CB5032D5E768900EF9BEE /* Kingfisher */ = {
			isa = XCSwiftPackageProductDependency;
			package = 3C4D50DD2D5E735700D20FCD /* XCRemoteSwiftPackageReference "Kingfisher" */;
			productName = Kingfisher;
		};
/* End XCSwiftPackageProductDependency section */
	};
	rootObject = 3C4D504F2D5E703B00D20FCD /* Project object */;
}
